{
  "version": 4,
  "terraform_version": "1.16.1",
  "serial": 3,
  "lineage": "868c834c-6718-a85f-0893-849ebe2403e9",
  "outputs": {},
  "resources": [
    {
      "mode": "managed",
      "type": "google_bigquery_dataset",
      "name": "production_dataset",
      "provider": "provider[\"registry.terraform.io/hashicorp/google\"]",
      "instances": [
        {
          "schema_version": 0,
          "attributes": {
            "access": [
              {
                "dataset": [],
                "domain": "",
                "group_by_email": "",
                "iam_member": "",
                "role": "OWNER",
                "routine": [],
                "special_group": "",
                "user_by_email": "weather-pipeline@kestra-sandbox-504410.iam.gserviceaccount.com",
                "view": []
              },
              {
                "dataset": [],
                "domain": "",
                "group_by_email": "",
                "iam_member": "",
                "role": "OWNER",
                "routine": [],
                "special_group": "projectOwners",
                "user_by_email": "",
                "view": []
              },
              {
                "dataset": [],
                "domain": "",
                "group_by_email": "",
                "iam_member": "",
                "role": "READER",
                "routine": [],
                "special_group": "projectReaders",
                "user_by_email": "",
                "view": []
              },
              {
                "dataset": [],
                "domain": "",
                "group_by_email": "",
                "iam_member": "",
                "role": "WRITER",
                "routine": [],
                "special_group": "projectWriters",
                "user_by_email": "",
                "view": []
              }
            ],
            "creation_time": 1789120170227,
            "dataset_id": "agri_climate_warehouse",
            "default_collation": "",
            "default_encryption_configuration": [],
            "default_partition_expiration_ms": 5184000000,
            "default_table_expiration_ms": 5184000000,
            "delete_contents_on_destroy": true,
            "description": "Warehouse for Farm Yield and Weather Data",
            "effective_labels": {},
            "etag": "lbaL/ByfRzqWH6oFnR4G2g==",
            "friendly_name": "",
            "id": "projects/kestra-sandbox-504410/datasets/agri_climate_warehouse",
            "is_case_insensitive": false,
            "labels": null,
            "last_modified_time": 1789120170227,
            "location": "us-central1",
            "max_time_travel_hours": "168",
            "project": "kestra-sandbox-504410",
            "self_link": "https://bigquery.googleapis.com/bigquery/v2/projects/kestra-sandbox-504410/datasets/agri_climate_warehouse",
            "storage_billing_model": "",
            "terraform_labels": {},
            "timeouts": null
          },
          "sensitive_attributes": [],
          "identity_schema_version": 0,
          "private": "eyJlMmJmYjczMC1lY2FhLTExZTYtOGY4OC0zNDM2M2JjN2M0YzAiOnsiY3JlYXRlIjoxMjAwMDAwMDAwMDAwLCJkZWxldGUiOjEyMDAwMDAwMDAwMDAsInVwZGF0ZSI6MTIwMDAwMDAwMDAwMH19"
        }
      ]
    }
  ],
  "check_results": null
}
